// !$*UTF8*$!
{
	archiveVersion = 1;
	classes = {
	};
	objectVersion = 48;
	objects = {

/* Begin PBXBuildFile section */
		041BC94C2047E85300A8EDD7 /* ResultsViewController.swift in Sources */ = {isa = PBXBuildFile; fileRef = 041BC94B2047E85300A8EDD7 /* ResultsViewController.swift */; };
		046644E0204FF9FD001908A9 /* Localizable.strings in Resources */ = {isa = PBXBuildFile; fileRef = 046644E2204FF9FD001908A9 /* Localizable.strings */; };
		046644E5204FFCAF001908A9 /* SwitchLanguage.swift in Sources */ = {isa = PBXBuildFile; fileRef = 046644E4204FFCAF001908A9 /* SwitchLanguage.swift */; };
		046644E720500295001908A9 /* HyperSnapDemoAppLocalizer.swift in Sources */ = {isa = PBXBuildFile; fileRef = 046644E620500295001908A9 /* HyperSnapDemoAppLocalizer.swift */; };
		04E1ABC3206013BF00A50271 /* HyperSnapSDK.framework in Frameworks */ = {isa = PBXBuildFile; fileRef = 04E1ABC1206013B500A50271 /* HyperSnapSDK.framework */; };
		04E1ABC4206013BF00A50271 /* HyperSnapSDK.framework in Embed Frameworks */ = {isa = PBXBuildFile; fileRef = 04E1ABC1206013B500A50271 /* HyperSnapSDK.framework */; settings = {ATTRIBUTES = (CodeSignOnCopy, RemoveHeadersOnCopy, ); }; };
		04F0333C2045A3F900596B54 /* AppDelegate.swift in Sources */ = {isa = PBXBuildFile; fileRef = 04F0333B2045A3F900596B54 /* AppDelegate.swift */; };
		04F0333E2045A3F900596B54 /* ViewController.swift in Sources */ = {isa = PBXBuildFile; fileRef = 04F0333D2045A3F900596B54 /* ViewController.swift */; };
		04F033412045A3F900596B54 /* Main.storyboard in Resources */ = {isa = PBXBuildFile; fileRef = 04F0333F2045A3F900596B54 /* Main.storyboard */; };
		04F033432045A3F900596B54 /* Assets.xcassets in Resources */ = {isa = PBXBuildFile; fileRef = 04F033422045A3F900596B54 /* Assets.xcassets */; };
		04F033462045A3F900596B54 /* LaunchScreen.storyboard in Resources */ = {isa = PBXBuildFile; fileRef = 04F033442045A3F900596B54 /* LaunchScreen.storyboard */; };
/* End PBXBuildFile section */

/* Begin PBXCopyFilesBuildPhase section */
		04AF8DDC204811BA00410DAF /* Embed Frameworks */ = {
			isa = PBXCopyFilesBuildPhase;
			buildActionMask = 2147483647;
			dstPath = "";
			dstSubfolderSpec = 10;
			files = (
				04E1ABC4206013BF00A50271 /* HyperSnapSDK.framework in Embed Frameworks */,
			);
			name = "Embed Frameworks";
			runOnlyForDeploymentPostprocessing = 0;
		};
/* End PBXCopyFilesBuildPhase section */

/* Begin PBXFileReference section */
		041BC94B2047E85300A8EDD7 /* ResultsViewController.swift */ = {isa = PBXFileReference; lastKnownFileType = sourcecode.swift; path = ResultsViewController.swift; sourceTree = "<group>"; };
		046644D9204FF87B001908A9 /* vi */ = {isa = PBXFileReference; lastKnownFileType = text.plist.strings; name = vi; path = vi.lproj/Main.strings; sourceTree = "<group>"; };
		046644DD204FF987001908A9 /* en */ = {isa = PBXFileReference; lastKnownFileType = text.plist.strings; name = en; path = en.lproj/Main.strings; sourceTree = "<group>"; };
		046644E1204FF9FD001908A9 /* vi */ = {isa = PBXFileReference; lastKnownFileType = text.plist.strings; name = vi; path = vi.lproj/Localizable.strings; sourceTree = "<group>"; };
		046644E3204FFA01001908A9 /* en */ = {isa = PBXFileReference; lastKnownFileType = text.plist.strings; name = en; path = en.lproj/Localizable.strings; sourceTree = "<group>"; };
		046644E4204FFCAF001908A9 /* SwitchLanguage.swift */ = {isa = PBXFileReference; lastKnownFileType = sourcecode.swift; path = SwitchLanguage.swift; sourceTree = "<group>"; };
		046644E620500295001908A9 /* HyperSnapDemoAppLocalizer.swift */ = {isa = PBXFileReference; lastKnownFileType = sourcecode.swift; path = HyperSnapDemoAppLocalizer.swift; sourceTree = "<group>"; };
		04E1ABC1206013B500A50271 /* HyperSnapSDK.framework */ = {isa = PBXFileReference; lastKnownFileType = wrapper.framework; path = HyperSnapSDK.framework; sourceTree = "<group>"; };
		04F033382045A3F900596B54 /* HyperSnapDemoApp.app */ = {isa = PBXFileReference; explicitFileType = wrapper.application; includeInIndex = 0; path = HyperSnapDemoApp.app; sourceTree = BUILT_PRODUCTS_DIR; };
		04F0333B2045A3F900596B54 /* AppDelegate.swift */ = {isa = PBXFileReference; lastKnownFileType = sourcecode.swift; path = AppDelegate.swift; sourceTree = "<group>"; };
		04F0333D2045A3F900596B54 /* ViewController.swift */ = {isa = PBXFileReference; lastKnownFileType = sourcecode.swift; path = ViewController.swift; sourceTree = "<group>"; };
		04F033402045A3F900596B54 /* Base */ = {isa = PBXFileReference; lastKnownFileType = file.storyboard; name = Base; path = Base.lproj/Main.storyboard; sourceTree = "<group>"; };
		04F033422045A3F900596B54 /* Assets.xcassets */ = {isa = PBXFileReference; lastKnownFileType = folder.assetcatalog; path = Assets.xcassets; sourceTree = "<group>"; };
		04F033452045A3F900596B54 /* Base */ = {isa = PBXFileReference; lastKnownFileType = file.storyboard; name = Base; path = Base.lproj/LaunchScreen.storyboard; sourceTree = "<group>"; };
		04F033472045A3F900596B54 /* Info.plist */ = {isa = PBXFileReference; lastKnownFileType = text.plist.xml; path = Info.plist; sourceTree = "<group>"; };
/* End PBXFileReference section */

/* Begin PBXFrameworksBuildPhase section */
		04F033352045A3F900596B54 /* Frameworks */ = {
			isa = PBXFrameworksBuildPhase;
			buildActionMask = 2147483647;
			files = (
				04E1ABC3206013BF00A50271 /* HyperSnapSDK.framework in Frameworks */,
			);
			runOnlyForDeploymentPostprocessing = 0;
		};
/* End PBXFrameworksBuildPhase section */

/* Begin PBXGroup section */
		04F0332F2045A3F900596B54 = {
			isa = PBXGroup;
			children = (
				04E1ABC1206013B500A50271 /* HyperSnapSDK.framework */,
				04F0333A2045A3F900596B54 /* HyperSnapDemoApp */,
				04F033392045A3F900596B54 /* Products */,
			);
			sourceTree = "<group>";
		};
		04F033392045A3F900596B54 /* Products */ = {
			isa = PBXGroup;
			children = (
				04F033382045A3F900596B54 /* HyperSnapDemoApp.app */,
			);
			name = Products;
			sourceTree = "<group>";
		};
		04F0333A2045A3F900596B54 /* HyperSnapDemoApp */ = {
			isa = PBXGroup;
			children = (
				04F0333B2045A3F900596B54 /* AppDelegate.swift */,
				046644E4204FFCAF001908A9 /* SwitchLanguage.swift */,
				04F0333D2045A3F900596B54 /* ViewController.swift */,
				046644E620500295001908A9 /* HyperSnapDemoAppLocalizer.swift */,
				046644E2204FF9FD001908A9 /* Localizable.strings */,
				041BC94B2047E85300A8EDD7 /* ResultsViewController.swift */,
				04F0333F2045A3F900596B54 /* Main.storyboard */,
				04F033422045A3F900596B54 /* Assets.xcassets */,
				04F033442045A3F900596B54 /* LaunchScreen.storyboard */,
				04F033472045A3F900596B54 /* Info.plist */,
			);
			path = HyperSnapDemoApp;
			sourceTree = "<group>";
		};
/* End PBXGroup section */

/* Begin PBXNativeTarget section */
		04F033372045A3F900596B54 /* HyperScanVietnamParentApp */ = {
			isa = PBXNativeTarget;
			buildConfigurationList = 04F0334A2045A3F900596B54 /* Build configuration list for PBXNativeTarget "HyperScanVietnamParentApp" */;
			buildPhases = (
				04F033342045A3F900596B54 /* Sources */,
				04F033352045A3F900596B54 /* Frameworks */,
				04F033362045A3F900596B54 /* Resources */,
				04AF8DDC204811BA00410DAF /* Embed Frameworks */,
			);
			buildRules = (
			);
			dependencies = (
			);
			name = HyperScanVietnamParentApp;
			productName = HyperSecureDocsParentApp;
			productReference = 04F033382045A3F900596B54 /* HyperSnapDemoApp.app */;
			productType = "com.apple.product-type.application";
		};
/* End PBXNativeTarget section */

/* Begin PBXProject section */
		04F033302045A3F900596B54 /* Project object */ = {
			isa = PBXProject;
			attributes = {
				LastSwiftUpdateCheck = 0920;
				LastUpgradeCheck = 0920;
				ORGANIZATIONNAME = hyperverge;
				TargetAttributes = {
					04F033372045A3F900596B54 = {
						CreatedOnToolsVersion = 9.2;
						ProvisioningStyle = Automatic;
					};
				};
			};
			buildConfigurationList = 04F033332045A3F900596B54 /* Build configuration list for PBXProject "HyperSnapDemoApp" */;
			compatibilityVersion = "Xcode 8.0";
			developmentRegion = en;
			hasScannedForEncodings = 0;
			knownRegions = (
				en,
				Base,
				vi,
			);
			mainGroup = 04F0332F2045A3F900596B54;
			productRefGroup = 04F033392045A3F900596B54 /* Products */;
			projectDirPath = "";
			projectRoot = "";
			targets = (
				04F033372045A3F900596B54 /* HyperScanVietnamParentApp */,
			);
		};
/* End PBXProject section */

/* Begin PBXResourcesBuildPhase section */
		04F033362045A3F900596B54 /* Resources */ = {
			isa = PBXResourcesBuildPhase;
			buildActionMask = 2147483647;
			files = (
				046644E0204FF9FD001908A9 /* Localizable.strings in Resources */,
				04F033462045A3F900596B54 /* LaunchScreen.storyboard in Resources */,
				04F033432045A3F900596B54 /* Assets.xcassets in Resources */,
				04F033412045A3F900596B54 /* Main.storyboard in Resources */,
			);
			runOnlyForDeploymentPostprocessing = 0;
		};
/* End PBXResourcesBuildPhase section */

/* Begin PBXSourcesBuildPhase section */
		04F033342045A3F900596B54 /* Sources */ = {
			isa = PBXSourcesBuildPhase;
			buildActionMask = 2147483647;
			files = (
				041BC94C2047E85300A8EDD7 /* ResultsViewController.swift in Sources */,
				046644E5204FFCAF001908A9 /* SwitchLanguage.swift in Sources */,
				04F0333E2045A3F900596B54 /* ViewController.swift in Sources */,
				04F0333C2045A3F900596B54 /* AppDelegate.swift in Sources */,
				046644E720500295001908A9 /* HyperSnapDemoAppLocalizer.swift in Sources */,
			);
			runOnlyForDeploymentPostprocessing = 0;
		};
/* End PBXSourcesBuildPhase section */

/* Begin PBXVariantGroup section */
		046644E2204FF9FD001908A9 /* Localizable.strings */ = {
			isa = PBXVariantGroup;
			children = (
				046644E1204FF9FD001908A9 /* vi */,
				046644E3204FFA01001908A9 /* en */,
			);
			name = Localizable.strings;
			sourceTree = "<group>";
		};
		04F0333F2045A3F900596B54 /* Main.storyboard */ = {
			isa = PBXVariantGroup;
			children = (
				04F033402045A3F900596B54 /* Base */,
				046644D9204FF87B001908A9 /* vi */,
				046644DD204FF987001908A9 /* en */,
			);
			name = Main.storyboard;
			sourceTree = "<group>";
		};
		04F033442045A3F900596B54 /* LaunchScreen.storyboard */ = {
			isa = PBXVariantGroup;
			children = (
				04F033452045A3F900596B54 /* Base */,
			);
			name = LaunchScreen.storyboard;
			sourceTree = "<group>";
		};
/* End PBXVariantGroup section */

/* Begin XCBuildConfiguration section */
		04F033482045A3F900596B54 /* Debug */ = {
			isa = XCBuildConfiguration;
			buildSettings = {
				ALWAYS_SEARCH_USER_PATHS = NO;
				CLANG_ANALYZER_LOCALIZABILITY_NONLOCALIZED = YES;
				CLANG_ANALYZER_NONNULL = YES;
				CLANG_ANALYZER_NUMBER_OBJECT_CONVERSION = YES_AGGRESSIVE;
				CLANG_CXX_LANGUAGE_STANDARD = "gnu++14";
				CLANG_CXX_LIBRARY = "libc++";
				CLANG_ENABLE_MODULES = YES;
				CLANG_ENABLE_OBJC_ARC = YES;
				CLANG_WARN_BLOCK_CAPTURE_AUTORELEASING = YES;
				CLANG_WARN_BOOL_CONVERSION = YES;
				CLANG_WARN_COMMA = YES;
				CLANG_WARN_CONSTANT_CONVERSION = YES;
				CLANG_WARN_DIRECT_OBJC_ISA_USAGE = YES_ERROR;
				CLANG_WARN_DOCUMENTATION_COMMENTS = YES;
				CLANG_WARN_EMPTY_BODY = YES;
				CLANG_WARN_ENUM_CONVERSION = YES;
				CLANG_WARN_INFINITE_RECURSION = YES;
				CLANG_WARN_INT_CONVERSION = YES;
				CLANG_WARN_NON_LITERAL_NULL_CONVERSION = YES;
				CLANG_WARN_OBJC_LITERAL_CONVERSION = YES;
				CLANG_WARN_OBJC_ROOT_CLASS = YES_ERROR;
				CLANG_WARN_RANGE_LOOP_ANALYSIS = YES;
				CLANG_WARN_STRICT_PROTOTYPES = YES;
				CLANG_WARN_SUSPICIOUS_MOVE = YES;
				CLANG_WARN_UNGUARDED_AVAILABILITY = YES_AGGRESSIVE;
				CLANG_WARN_UNREACHABLE_CODE = YES;
				CLANG_WARN__DUPLICATE_METHOD_MATCH = YES;
				CODE_SIGN_IDENTITY = "iPhone Developer";
				COPY_PHASE_STRIP = NO;
				DEBUG_INFORMATION_FORMAT = dwarf;
				ENABLE_STRICT_OBJC_MSGSEND = YES;
				ENABLE_TESTABILITY = YES;
				GCC_C_LANGUAGE_STANDARD = gnu11;
				GCC_DYNAMIC_NO_PIC = NO;
				GCC_NO_COMMON_BLOCKS = YES;
				GCC_OPTIMIZATION_LEVEL = 0;
				GCC_PREPROCESSOR_DEFINITIONS = (
					"DEBUG=1",
					"$(inherited)",
				);
				GCC_WARN_64_TO_32_BIT_CONVERSION = YES;
				GCC_WARN_ABOUT_RETURN_TYPE = YES_ERROR;
				GCC_WARN_UNDECLARED_SELECTOR = YES;
				GCC_WARN_UNINITIALIZED_AUTOS = YES_AGGRESSIVE;
				GCC_WARN_UNUSED_FUNCTION = YES;
				GCC_WARN_UNUSED_VARIABLE = YES;
				IPHONEOS_DEPLOYMENT_TARGET = 11.2;
				MTL_ENABLE_DEBUG_INFO = YES;
				ONLY_ACTIVE_ARCH = YES;
				SDKROOT = iphoneos;
				SWIFT_ACTIVE_COMPILATION_CONDITIONS = DEBUG;
				SWIFT_OPTIMIZATION_LEVEL = "-Onone";
			};
			name = Debug;
		};
		04F033492045A3F900596B54 /* Release */ = {
			isa = XCBuildConfiguration;
			buildSettings = {
				ALWAYS_SEARCH_USER_PATHS = NO;
				CLANG_ANALYZER_LOCALIZABILITY_NONLOCALIZED = YES;
				CLANG_ANALYZER_NONNULL = YES;
				CLANG_ANALYZER_NUMBER_OBJECT_CONVERSION = YES_AGGRESSIVE;
				CLANG_CXX_LANGUAGE_STANDARD = "gnu++14";
				CLANG_CXX_LIBRARY = "libc++";
				CLANG_ENABLE_MODULES = YES;
				CLANG_ENABLE_OBJC_ARC = YES;
				CLANG_WARN_BLOCK_CAPTURE_AUTORELEASING = YES;
				CLANG_WARN_BOOL_CONVERSION = YES;
				CLANG_WARN_COMMA = YES;
				CLANG_WARN_CONSTANT_CONVERSION = YES;
				CLANG_WARN_DIRECT_OBJC_ISA_USAGE = YES_ERROR;
				CLANG_WARN_DOCUMENTATION_COMMENTS = YES;
				CLANG_WARN_EMPTY_BODY = YES;
				CLANG_WARN_ENUM_CONVERSION = YES;
				CLANG_WARN_INFINITE_RECURSION = YES;
				CLANG_WARN_INT_CONVERSION = YES;
				CLANG_WARN_NON_LITERAL_NULL_CONVERSION = YES;
				CLANG_WARN_OBJC_LITERAL_CONVERSION = YES;
				CLANG_WARN_OBJC_ROOT_CLASS = YES_ERROR;
				CLANG_WARN_RANGE_LOOP_ANALYSIS = YES;
				CLANG_WARN_STRICT_PROTOTYPES = YES;
				CLANG_WARN_SUSPICIOUS_MOVE = YES;
				CLANG_WARN_UNGUARDED_AVAILABILITY = YES_AGGRESSIVE;
				CLANG_WARN_UNREACHABLE_CODE = YES;
				CLANG_WARN__DUPLICATE_METHOD_MATCH = YES;
				CODE_SIGN_IDENTITY = "iPhone Developer";
				COPY_PHASE_STRIP = NO;
				DEBUG_INFORMATION_FORMAT = "dwarf-with-dsym";
				ENABLE_NS_ASSERTIONS = NO;
				ENABLE_STRICT_OBJC_MSGSEND = YES;
				GCC_C_LANGUAGE_STANDARD = gnu11;
				GCC_NO_COMMON_BLOCKS = YES;
				GCC_WARN_64_TO_32_BIT_CONVERSION = YES;
				GCC_WARN_ABOUT_RETURN_TYPE = YES_ERROR;
				GCC_WARN_UNDECLARED_SELECTOR = YES;
				GCC_WARN_UNINITIALIZED_AUTOS = YES_AGGRESSIVE;
				GCC_WARN_UNUSED_FUNCTION = YES;
				GCC_WARN_UNUSED_VARIABLE = YES;
				IPHONEOS_DEPLOYMENT_TARGET = 11.2;
				MTL_ENABLE_DEBUG_INFO = NO;
				SDKROOT = iphoneos;
				SWIFT_OPTIMIZATION_LEVEL = "-Owholemodule";
				VALIDATE_PRODUCT = YES;
			};
			name = Release;
		};
		04F0334B2045A3F900596B54 /* Debug */ = {
			isa = XCBuildConfiguration;
			buildSettings = {
				ALWAYS_EMBED_SWIFT_STANDARD_LIBRARIES = YES;
				ASSETCATALOG_COMPILER_APPICON_NAME = AppIcon;
				CODE_SIGN_STYLE = Automatic;
				DEVELOPMENT_TEAM = 7CEEYYY3J3;
				FRAMEWORK_SEARCH_PATHS = (
					"$(inherited)",
					"$(PROJECT_DIR)",
				);
				INFOPLIST_FILE = HyperSnapDemoApp/Info.plist;
				IPHONEOS_DEPLOYMENT_TARGET = 9.0;
				LD_RUNPATH_SEARCH_PATHS = "$(inherited) @executable_path/Frameworks";
				PRODUCT_BUNDLE_IDENTIFIER = co.hyperverge.HyperSnapDemoApp;
				PRODUCT_NAME = HyperSnapDemoApp;
				SWIFT_VERSION = 4.0;
				TARGETED_DEVICE_FAMILY = "1,2";
			};
			name = Debug;
		};
		04F0334C2045A3F900596B54 /* Release */ = {
			isa = XCBuildConfiguration;
			buildSettings = {
				ALWAYS_EMBED_SWIFT_STANDARD_LIBRARIES = YES;
				ASSETCATALOG_COMPILER_APPICON_NAME = AppIcon;
				CODE_SIGN_STYLE = Automatic;
				DEVELOPMENT_TEAM = 7CEEYYY3J3;
				FRAMEWORK_SEARCH_PATHS = (
					"$(inherited)",
					"$(PROJECT_DIR)",
				);
				INFOPLIST_FILE = HyperSnapDemoApp/Info.plist;
				IPHONEOS_DEPLOYMENT_TARGET = 9.0;
				LD_RUNPATH_SEARCH_PATHS = "$(inherited) @executable_path/Frameworks";
				PRODUCT_BUNDLE_IDENTIFIER = co.hyperverge.HyperSnapDemoApp;
				PRODUCT_NAME = HyperSnapDemoApp;
				SWIFT_VERSION = 4.0;
				TARGETED_DEVICE_FAMILY = "1,2";
			};
			name = Release;
		};
/* End XCBuildConfiguration section */

/* Begin XCConfigurationList section */
		04F033332045A3F900596B54 /* Build configuration list for PBXProject "HyperSnapDemoApp" */ = {
			isa = XCConfigurationList;
			buildConfigurations = (
				04F033482045A3F900596B54 /* Debug */,
				04F033492045A3F900596B54 /* Release */,
			);
			defaultConfigurationIsVisible = 0;
			defaultConfigurationName = Release;
		};
		04F0334A2045A3F900596B54 /* Build configuration list for PBXNativeTarget "HyperScanVietnamParentApp" */ = {
			isa = XCConfigurationList;
			buildConfigurations = (
				04F0334B2045A3F900596B54 /* Debug */,
				04F0334C2045A3F900596B54 /* Release */,
			);
			defaultConfigurationIsVisible = 0;
			defaultConfigurationName = Release;
		};
/* End XCConfigurationList section */
	};
	rootObject = 04F033302045A3F900596B54 /* Project object */;
}
